
Microsoft Visual Studio Solution File, Format Version 12.00
# Visual Studio Version 17
VisualStudioVersion = 17.3.32922.545
MinimumVisualStudioVersion = 10.0.40219.1
Project("{FAE04EC0-301F-11D3-BF4B-00C04F79EFBC}") = "HttpClientExample", "HttpClientExample.csproj", "{9590B0D7-A0C0-40A6-B21D-82CF4E915B6E}"
EndProject
Global
	GlobalSection(SolutionConfigurationPlatforms) = preSolution
		Debug|Any CPU = Debug|Any CPU
		Release|Any CPU = Release|Any CPU
	EndGlobalSection
	GlobalSection(ProjectConfigurationPlatforms) = postSolution
		{9590B0D7-A0C0-40A6-B21D-82CF4E915B6E}.Debug|Any CPU.ActiveCfg = Debug|Any CPU
		{9590B0D7-A0C0-40A6-B21D-82CF4E915B6E}.Debug|Any CPU.Build.0 = Debug|Any CPU
		{9590B0D7-A0C0-40A6-B21D-82CF4E915B6E}.Release|Any CPU.ActiveCfg = Release|Any CPU
		{9590B0D7-A0C0-40A6-B21D-82CF4E915B6E}.Release|Any CPU.Build.0 = Release|Any CPU
	EndGlobalSection
	GlobalSection(SolutionProperties) = preSolution
		HideSolutionNode = FALSE
	EndGlobalSection
	GlobalSection(ExtensibilityGlobals) = postSolution
		SolutionGuid = {585C5DC9-ACA5-4EE0-B635-CE278D5AC6DF}
	EndGlobalSection
EndGlobal
